
Microsoft Visual Studio Solution File, Format Version 12.00
# Visual Studio Version 16
VisualStudioVersion = 16.0.30907.101
MinimumVisualStudioVersion = 10.0.40219.1
Project("{9A19103F-16F7-4668-BE54-9A1E7A4F7556}") = "WebStore", "WebStore\WebStore.csproj", "{50697A1F-05C7-4AA3-AC41-9A092062B9D7}"
EndProject
Project("{9A19103F-16F7-4668-BE54-9A1E7A4F7556}") = "WebStore.Domain", "WebStore.Domain\WebStore.Domain.csproj", "{07DF651A-361F-473B-B021-BF159B7F6970}"
EndProject
Project("{FAE04EC0-301F-11D3-BF4B-00C04F79EFBC}") = "WebStoreDAL", "WebStoreDAL\WebStoreDAL.csproj", "{F150B96E-2502-4214-9608-FD9C34298B88}"
EndProject
Global
	GlobalSection(SolutionConfigurationPlatforms) = preSolution
		Debug|Any CPU = Debug|Any CPU
		Release|Any CPU = Release|Any CPU
	EndGlobalSection
	GlobalSection(ProjectConfigurationPlatforms) = postSolution
		{50697A1F-05C7-4AA3-AC41-9A092062B9D7}.Debug|Any CPU.ActiveCfg = Debug|Any CPU
		{50697A1F-05C7-4AA3-AC41-9A092062B9D7}.Debug|Any CPU.Build.0 = Debug|Any CPU
		{50697A1F-05C7-4AA3-AC41-9A092062B9D7}.Release|Any CPU.ActiveCfg = Release|Any CPU
		{50697A1F-05C7-4AA3-AC41-9A092062B9D7}.Release|Any CPU.Build.0 = Release|Any CPU
		{07DF651A-361F-473B-B021-BF159B7F6970}.Debug|Any CPU.ActiveCfg = Debug|Any CPU
		{07DF651A-361F-473B-B021-BF159B7F6970}.Debug|Any CPU.Build.0 = Debug|Any CPU
		{07DF651A-361F-473B-B021-BF159B7F6970}.Release|Any CPU.ActiveCfg = Release|Any CPU
		{07DF651A-361F-473B-B021-BF159B7F6970}.Release|Any CPU.Build.0 = Release|Any CPU
		{F150B96E-2502-4214-9608-FD9C34298B88}.Debug|Any CPU.ActiveCfg = Debug|Any CPU
		{F150B96E-2502-4214-9608-FD9C34298B88}.Debug|Any CPU.Build.0 = Debug|Any CPU
		{F150B96E-2502-4214-9608-FD9C34298B88}.Release|Any CPU.ActiveCfg = Release|Any CPU
		{F150B96E-2502-4214-9608-FD9C34298B88}.Release|Any CPU.Build.0 = Release|Any CPU
	EndGlobalSection
	GlobalSection(SolutionProperties) = preSolution
		HideSolutionNode = FALSE
	EndGlobalSection
	GlobalSection(ExtensibilityGlobals) = postSolution
		SolutionGuid = {BDFA9143-4E70-4124-A3B1-3BDE04EC96EC}
	EndGlobalSection
EndGlobal
